// !$*UTF8*$!
{
	archiveVersion = 1;
	classes = {
	};
	objectVersion = 56;
	objects = {

/* Begin PBXBuildFile section */
		03C503242A60909100837B3C /* RealityKitContent in Frameworks */ = {isa = PBXBuildFile; productRef = 03C503232A60909100837B3C /* RealityKitContent */; };
		03C503262A60909100837B3C /* Hello_worldApp.swift in Sources */ = {isa = PBXBuildFile; fileRef = 03C503252A60909100837B3C /* Hello_worldApp.swift */; };
		03C503282A60909100837B3C /* ContentView.swift in Sources */ = {isa = PBXBuildFile; fileRef = 03C503272A60909100837B3C /* ContentView.swift */; };
		03C5032A2A60909300837B3C /* Assets.xcassets in Resources */ = {isa = PBXBuildFile; fileRef = 03C503292A60909300837B3C /* Assets.xcassets */; };
		03C5032D2A60909300837B3C /* Preview Assets.xcassets in Resources */ = {isa = PBXBuildFile; fileRef = 03C5032C2A60909300837B3C /* Preview Assets.xcassets */; };
		03C503372A60909300837B3C /* Hello_worldTests.swift in Sources */ = {isa = PBXBuildFile; fileRef = 03C503362A60909300837B3C /* Hello_worldTests.swift */; };
/* End PBXBuildFile section */

/* Begin PBXContainerItemProxy section */
		03C503332A60909300837B3C /* PBXContainerItemProxy */ = {
			isa = PBXContainerItemProxy;
			containerPortal = 03C503162A60909100837B3C /* Project object */;
			proxyType = 1;
			remoteGlobalIDString = 03C5031D2A60909100837B3C;
			remoteInfo = "Hello world";
		};
/* End PBXContainerItemProxy section */

/* Begin PBXFileReference section */
		03C5031E2A60909100837B3C /* Hello world.app */ = {isa = PBXFileReference; explicitFileType = wrapper.application; includeInIndex = 0; path = "Hello world.app"; sourceTree = BUILT_PRODUCTS_DIR; };
		03C503222A60909100837B3C /* RealityKitContent */ = {isa = PBXFileReference; lastKnownFileType = wrapper; path = RealityKitContent; sourceTree = "<group>"; };
		03C503252A60909100837B3C /* Hello_worldApp.swift */ = {isa = PBXFileReference; lastKnownFileType = sourcecode.swift; path = Hello_worldApp.swift; sourceTree = "<group>"; };
		03C503272A60909100837B3C /* ContentView.swift */ = {isa = PBXFileReference; lastKnownFileType = sourcecode.swift; path = ContentView.swift; sourceTree = "<group>"; };
		03C503292A60909300837B3C /* Assets.xcassets */ = {isa = PBXFileReference; lastKnownFileType = folder.assetcatalog; path = Assets.xcassets; sourceTree = "<group>"; };
		03C5032C2A60909300837B3C /* Preview Assets.xcassets */ = {isa = PBXFileReference; lastKnownFileType = folder.assetcatalog; path = "Preview Assets.xcassets"; sourceTree = "<group>"; };
		03C503322A60909300837B3C /* Hello worldTests.xctest */ = {isa = PBXFileReference; explicitFileType = wrapper.cfbundle; includeInIndex = 0; path = "Hello worldTests.xctest"; sourceTree = BUILT_PRODUCTS_DIR; };
		03C503362A60909300837B3C /* Hello_worldTests.swift */ = {isa = PBXFileReference; lastKnownFileType = sourcecode.swift; path = Hello_worldTests.swift; sourceTree = "<group>"; };
/* End PBXFileReference section */

/* Begin PBXFrameworksBuildPhase section */
		03C5031B2A60909100837B3C /* Frameworks */ = {
			isa = PBXFrameworksBuildPhase;
			buildActionMask = 2147483647;
			files = (
				03C503242A60909100837B3C /* RealityKitContent in Frameworks */,
			);
			runOnlyForDeploymentPostprocessing = 0;
		};
		03C5032F2A60909300837B3C /* Frameworks */ = {
			isa = PBXFrameworksBuildPhase;
			buildActionMask = 2147483647;
			files = (
			);
			runOnlyForDeploymentPostprocessing = 0;
		};
/* End PBXFrameworksBuildPhase section */

/* Begin PBXGroup section */
		03C503152A60909100837B3C = {
			isa = PBXGroup;
			children = (
				03C503202A60909100837B3C /* Hello world */,
				03C503212A60909100837B3C /* Packages */,
				03C503352A60909300837B3C /* Hello worldTests */,
				03C5031F2A60909100837B3C /* Products */,
			);
			sourceTree = "<group>";
		};
		03C5031F2A60909100837B3C /* Products */ = {
			isa = PBXGroup;
			children = (
				03C5031E2A60909100837B3C /* Hello world.app */,
				03C503322A60909300837B3C /* Hello worldTests.xctest */,
			);
			name = Products;
			sourceTree = "<group>";
		};
		03C503202A60909100837B3C /* Hello world */ = {
			isa = PBXGroup;
			children = (
				03C503252A60909100837B3C /* Hello_worldApp.swift */,
				03C503272A60909100837B3C /* ContentView.swift */,
				03C503292A60909300837B3C /* Assets.xcassets */,
				03C5032B2A60909300837B3C /* Preview Content */,
			);
			path = "Hello world";
			sourceTree = "<group>";
		};
		03C503212A60909100837B3C /* Packages */ = {
			isa = PBXGroup;
			children = (
				03C503222A60909100837B3C /* RealityKitContent */,
			);
			path = Packages;
			sourceTree = "<group>";
		};
		03C5032B2A60909300837B3C /* Preview Content */ = {
			isa = PBXGroup;
			children = (
				03C5032C2A60909300837B3C /* Preview Assets.xcassets */,
			);
			path = "Preview Content";
			sourceTree = "<group>";
		};
		03C503352A60909300837B3C /* Hello worldTests */ = {
			isa = PBXGroup;
			children = (
				03C503362A60909300837B3C /* Hello_worldTests.swift */,
			);
			path = "Hello worldTests";
			sourceTree = "<group>";
		};
/* End PBXGroup section */

/* Begin PBXNativeTarget section */
		03C5031D2A60909100837B3C /* Hello world */ = {
			isa = PBXNativeTarget;
			buildConfigurationList = 03C5033A2A60909300837B3C /* Build configuration list for PBXNativeTarget "Hello world" */;
			buildPhases = (
				03C5031A2A60909100837B3C /* Sources */,
				03C5031B2A60909100837B3C /* Frameworks */,
				03C5031C2A60909100837B3C /* Resources */,
			);
			buildRules = (
			);
			dependencies = (
			);
			name = "Hello world";
			packageProductDependencies = (
				03C503232A60909100837B3C /* RealityKitContent */,
			);
			productName = "Hello world";
			productReference = 03C5031E2A60909100837B3C /* Hello world.app */;
			productType = "com.apple.product-type.application";
		};
		03C503312A60909300837B3C /* Hello worldTests */ = {
			isa = PBXNativeTarget;
			buildConfigurationList = 03C5033D2A60909300837B3C /* Build configuration list for PBXNativeTarget "Hello worldTests" */;
			buildPhases = (
				03C5032E2A60909300837B3C /* Sources */,
				03C5032F2A60909300837B3C /* Frameworks */,
				03C503302A60909300837B3C /* Resources */,
			);
			buildRules = (
			);
			dependencies = (
				03C503342A60909300837B3C /* PBXTargetDependency */,
			);
			name = "Hello worldTests";
			productName = "Hello worldTests";
			productReference = 03C503322A60909300837B3C /* Hello worldTests.xctest */;
			productType = "com.apple.product-type.bundle.unit-test";
		};
/* End PBXNativeTarget section */

/* Begin PBXProject section */
		03C503162A60909100837B3C /* Project object */ = {
			isa = PBXProject;
			attributes = {
				BuildIndependentTargetsInParallel = 1;
				LastSwiftUpdateCheck = 1500;
				LastUpgradeCheck = 1500;
				TargetAttributes = {
					03C5031D2A60909100837B3C = {
						CreatedOnToolsVersion = 15.0;
					};
					03C503312A60909300837B3C = {
						CreatedOnToolsVersion = 15.0;
						TestTargetID = 03C5031D2A60909100837B3C;
					};
				};
			};
			buildConfigurationList = 03C503192A60909100837B3C /* Build configuration list for PBXProject "Hello world" */;
			compatibilityVersion = "Xcode 14.0";
			developmentRegion = en;
			hasScannedForEncodings = 0;
			knownRegions = (
				en,
				Base,
			);
			mainGroup = 03C503152A60909100837B3C;
			productRefGroup = 03C5031F2A60909100837B3C /* Products */;
			projectDirPath = "";
			projectRoot = "";
			targets = (
				03C5031D2A60909100837B3C /* Hello world */,
				03C503312A60909300837B3C /* Hello worldTests */,
			);
		};
/* End PBXProject section */

/* Begin PBXResourcesBuildPhase section */
		03C5031C2A60909100837B3C /* Resources */ = {
			isa = PBXResourcesBuildPhase;
			buildActionMask = 2147483647;
			files = (
				03C5032D2A60909300837B3C /* Preview Assets.xcassets in Resources */,
				03C5032A2A60909300837B3C /* Assets.xcassets in Resources */,
			);
			runOnlyForDeploymentPostprocessing = 0;
		};
		03C503302A60909300837B3C /* Resources */ = {
			isa = PBXResourcesBuildPhase;
			buildActionMask = 2147483647;
			files = (
			);
			runOnlyForDeploymentPostprocessing = 0;
		};
/* End PBXResourcesBuildPhase section */

/* Begin PBXSourcesBuildPhase section */
		03C5031A2A60909100837B3C /* Sources */ = {
			isa = PBXSourcesBuildPhase;
			buildActionMask = 2147483647;
			files = (
				03C503282A60909100837B3C /* ContentView.swift in Sources */,
				03C503262A60909100837B3C /* Hello_worldApp.swift in Sources */,
			);
			runOnlyForDeploymentPostprocessing = 0;
		};
		03C5032E2A60909300837B3C /* Sources */ = {
			isa = PBXSourcesBuildPhase;
			buildActionMask = 2147483647;
			files = (
				03C503372A60909300837B3C /* Hello_worldTests.swift in Sources */,
			);
			runOnlyForDeploymentPostprocessing = 0;
		};
/* End PBXSourcesBuildPhase section */

/* Begin PBXTargetDependency section */
		03C503342A60909300837B3C /* PBXTargetDependency */ = {
			isa = PBXTargetDependency;
			target = 03C5031D2A60909100837B3C /* Hello world */;
			targetProxy = 03C503332A60909300837B3C /* PBXContainerItemProxy */;
		};
/* End PBXTargetDependency section */

/* Begin XCBuildConfiguration section */
		03C503382A60909300837B3C /* Debug */ = {
			isa = XCBuildConfiguration;
			buildSettings = {
				ALWAYS_SEARCH_USER_PATHS = NO;
				ASSETCATALOG_COMPILER_GENERATE_SWIFT_ASSET_SYMBOL_EXTENSIONS = YES;
				CLANG_ANALYZER_NONNULL = YES;
				CLANG_ANALYZER_NUMBER_OBJECT_CONVERSION = YES_AGGRESSIVE;
				CLANG_CXX_LANGUAGE_STANDARD = "gnu++20";
				CLANG_ENABLE_MODULES = YES;
				CLANG_ENABLE_OBJC_ARC = YES;
				CLANG_ENABLE_OBJC_WEAK = YES;
				CLANG_WARN_BLOCK_CAPTURE_AUTORELEASING = YES;
				CLANG_WARN_BOOL_CONVERSION = YES;
				CLANG_WARN_COMMA = YES;
				CLANG_WARN_CONSTANT_CONVERSION = YES;
				CLANG_WARN_DEPRECATED_OBJC_IMPLEMENTATIONS = YES;
				CLANG_WARN_DIRECT_OBJC_ISA_USAGE = YES_ERROR;
				CLANG_WARN_DOCUMENTATION_COMMENTS = YES;
				CLANG_WARN_EMPTY_BODY = YES;
				CLANG_WARN_ENUM_CONVERSION = YES;
				CLANG_WARN_INFINITE_RECURSION = YES;
				CLANG_WARN_INT_CONVERSION = YES;
				CLANG_WARN_NON_LITERAL_NULL_CONVERSION = YES;
				CLANG_WARN_OBJC_IMPLICIT_RETAIN_SELF = YES;
				CLANG_WARN_OBJC_LITERAL_CONVERSION = YES;
				CLANG_WARN_OBJC_ROOT_CLASS = YES_ERROR;
				CLANG_WARN_QUOTED_INCLUDE_IN_FRAMEWORK_HEADER = YES;
				CLANG_WARN_RANGE_LOOP_ANALYSIS = YES;
				CLANG_WARN_STRICT_PROTOTYPES = YES;
				CLANG_WARN_SUSPICIOUS_MOVE = YES;
				CLANG_WARN_UNGUARDED_AVAILABILITY = YES_AGGRESSIVE;
				CLANG_WARN_UNREACHABLE_CODE = YES;
				CLANG_WARN__DUPLICATE_METHOD_MATCH = YES;
				COPY_PHASE_STRIP = NO;
				DEBUG_INFORMATION_FORMAT = dwarf;
				ENABLE_STRICT_OBJC_MSGSEND = YES;
				ENABLE_TESTABILITY = YES;
				ENABLE_USER_SCRIPT_SANDBOXING = YES;
				GCC_C_LANGUAGE_STANDARD = gnu17;
				GCC_DYNAMIC_NO_PIC = NO;
				GCC_NO_COMMON_BLOCKS = YES;
				GCC_OPTIMIZATION_LEVEL = 0;
				GCC_PREPROCESSOR_DEFINITIONS = (
					"DEBUG=1",
					"$(inherited)",
				);
				GCC_WARN_64_TO_32_BIT_CONVERSION = YES;
				GCC_WARN_ABOUT_RETURN_TYPE = YES_ERROR;
				GCC_WARN_UNDECLARED_SELECTOR = YES;
				GCC_WARN_UNINITIALIZED_AUTOS = YES_AGGRESSIVE;
				GCC_WARN_UNUSED_FUNCTION = YES;
				GCC_WARN_UNUSED_VARIABLE = YES;
				LOCALIZATION_PREFERS_STRING_CATALOGS = YES;
				MTL_ENABLE_DEBUG_INFO = INCLUDE_SOURCE;
				MTL_FAST_MATH = YES;
				ONLY_ACTIVE_ARCH = YES;
				SDKROOT = xros;
				SWIFT_ACTIVE_COMPILATION_CONDITIONS = "DEBUG $(inherited)";
				SWIFT_OPTIMIZATION_LEVEL = "-Onone";
				XROS_DEPLOYMENT_TARGET = 1.0;
			};
			name = Debug;
		};
		03C503392A60909300837B3C /* Release */ = {
			isa = XCBuildConfiguration;
			buildSettings = {
				ALWAYS_SEARCH_USER_PATHS = NO;
				ASSETCATALOG_COMPILER_GENERATE_SWIFT_ASSET_SYMBOL_EXTENSIONS = YES;
				CLANG_ANALYZER_NONNULL = YES;
				CLANG_ANALYZER_NUMBER_OBJECT_CONVERSION = YES_AGGRESSIVE;
				CLANG_CXX_LANGUAGE_STANDARD = "gnu++20";
				CLANG_ENABLE_MODULES = YES;
				CLANG_ENABLE_OBJC_ARC = YES;
				CLANG_ENABLE_OBJC_WEAK = YES;
				CLANG_WARN_BLOCK_CAPTURE_AUTORELEASING = YES;
				CLANG_WARN_BOOL_CONVERSION = YES;
				CLANG_WARN_COMMA = YES;
				CLANG_WARN_CONSTANT_CONVERSION = YES;
				CLANG_WARN_DEPRECATED_OBJC_IMPLEMENTATIONS = YES;
				CLANG_WARN_DIRECT_OBJC_ISA_USAGE = YES_ERROR;
				CLANG_WARN_DOCUMENTATION_COMMENTS = YES;
				CLANG_WARN_EMPTY_BODY = YES;
				CLANG_WARN_ENUM_CONVERSION = YES;
				CLANG_WARN_INFINITE_RECURSION = YES;
				CLANG_WARN_INT_CONVERSION = YES;
				CLANG_WARN_NON_LITERAL_NULL_CONVERSION = YES;
				CLANG_WARN_OBJC_IMPLICIT_RETAIN_SELF = YES;
				CLANG_WARN_OBJC_LITERAL_CONVERSION = YES;
				CLANG_WARN_OBJC_ROOT_CLASS = YES_ERROR;
				CLANG_WARN_QUOTED_INCLUDE_IN_FRAMEWORK_HEADER = YES;
				CLANG_WARN_RANGE_LOOP_ANALYSIS = YES;
				CLANG_WARN_STRICT_PROTOTYPES = YES;
				CLANG_WARN_SUSPICIOUS_MOVE = YES;
				CLANG_WARN_UNGUARDED_AVAILABILITY = YES_AGGRESSIVE;
				CLANG_WARN_UNREACHABLE_CODE = YES;
				CLANG_WARN__DUPLICATE_METHOD_MATCH = YES;
				COPY_PHASE_STRIP = NO;
				DEBUG_INFORMATION_FORMAT = "dwarf-with-dsym";
				ENABLE_NS_ASSERTIONS = NO;
				ENABLE_STRICT_OBJC_MSGSEND = YES;
				ENABLE_USER_SCRIPT_SANDBOXING = YES;
				GCC_C_LANGUAGE_STANDARD = gnu17;
				GCC_NO_COMMON_BLOCKS = YES;
				GCC_WARN_64_TO_32_BIT_CONVERSION = YES;
				GCC_WARN_ABOUT_RETURN_TYPE = YES_ERROR;
				GCC_WARN_UNDECLARED_SELECTOR = YES;
				GCC_WARN_UNINITIALIZED_AUTOS = YES_AGGRESSIVE;
				GCC_WARN_UNUSED_FUNCTION = YES;
				GCC_WARN_UNUSED_VARIABLE = YES;
				LOCALIZATION_PREFERS_STRING_CATALOGS = YES;
				MTL_ENABLE_DEBUG_INFO = NO;
				MTL_FAST_MATH = YES;
				SDKROOT = xros;
				SWIFT_COMPILATION_MODE = wholemodule;
				VALIDATE_PRODUCT = YES;
				XROS_DEPLOYMENT_TARGET = 1.0;
			};
			name = Release;
		};
		03C5033B2A60909300837B3C /* Debug */ = {
			isa = XCBuildConfiguration;
			buildSettings = {
				ASSETCATALOG_COMPILER_APPICON_NAME = AppIcon;
				ASSETCATALOG_COMPILER_GLOBAL_ACCENT_COLOR_NAME = AccentColor;
				CODE_SIGN_STYLE = Automatic;
				CURRENT_PROJECT_VERSION = 1;
				DEVELOPMENT_ASSET_PATHS = "\"Hello world/Preview Content\"";
				DEVELOPMENT_TEAM = TQW886U8NY;
				ENABLE_PREVIEWS = YES;
				GENERATE_INFOPLIST_FILE = YES;
				INFOPLIST_KEY_UIApplicationSceneManifest_Generation = YES;
				LD_RUNPATH_SEARCH_PATHS = (
					"$(inherited)",
					"@executable_path/Frameworks",
				);
				MARKETING_VERSION = 1.0;
				PRODUCT_BUNDLE_IDENTIFIER = "pad.Hello-world";
				PRODUCT_NAME = "$(TARGET_NAME)";
				SUPPORTED_PLATFORMS = "xros xrsimulator";
				SWIFT_EMIT_LOC_STRINGS = YES;
				SWIFT_VERSION = 5.0;
				TARGETED_DEVICE_FAMILY = "1,2,7";
			};
			name = Debug;
		};
		03C5033C2A60909300837B3C /* Release */ = {
			isa = XCBuildConfiguration;
			buildSettings = {
				ASSETCATALOG_COMPILER_APPICON_NAME = AppIcon;
				ASSETCATALOG_COMPILER_GLOBAL_ACCENT_COLOR_NAME = AccentColor;
				CODE_SIGN_STYLE = Automatic;
				CURRENT_PROJECT_VERSION = 1;
				DEVELOPMENT_ASSET_PATHS = "\"Hello world/Preview Content\"";
				DEVELOPMENT_TEAM = TQW886U8NY;
				ENABLE_PREVIEWS = YES;
				GENERATE_INFOPLIST_FILE = YES;
				INFOPLIST_KEY_UIApplicationSceneManifest_Generation = YES;
				LD_RUNPATH_SEARCH_PATHS = (
					"$(inherited)",
					"@executable_path/Frameworks",
				);
				MARKETING_VERSION = 1.0;
				PRODUCT_BUNDLE_IDENTIFIER = "pad.Hello-world";
				PRODUCT_NAME = "$(TARGET_NAME)";
				SUPPORTED_PLATFORMS = "xros xrsimulator";
				SWIFT_EMIT_LOC_STRINGS = YES;
				SWIFT_VERSION = 5.0;
				TARGETED_DEVICE_FAMILY = "1,2,7";
			};
			name = Release;
		};
		03C5033E2A60909300837B3C /* Debug */ = {
			isa = XCBuildConfiguration;
			buildSettings = {
				ALWAYS_EMBED_SWIFT_STANDARD_LIBRARIES = YES;
				BUNDLE_LOADER = "$(TEST_HOST)";
				CODE_SIGN_STYLE = Automatic;
				CURRENT_PROJECT_VERSION = 1;
				DEVELOPMENT_TEAM = TQW886U8NY;
				GENERATE_INFOPLIST_FILE = YES;
				MARKETING_VERSION = 1.0;
				PRODUCT_BUNDLE_IDENTIFIER = "pad.Hello-worldTests";
				PRODUCT_NAME = "$(TARGET_NAME)";
				SUPPORTED_PLATFORMS = "xros xrsimulator";
				SWIFT_EMIT_LOC_STRINGS = NO;
				SWIFT_VERSION = 5.0;
				TARGETED_DEVICE_FAMILY = "1,2,7";
				TEST_HOST = "$(BUILT_PRODUCTS_DIR)/Hello world.app/$(BUNDLE_EXECUTABLE_FOLDER_PATH)/Hello world";
				XROS_DEPLOYMENT_TARGET = 1.0;
			};
			name = Debug;
		};
		03C5033F2A60909300837B3C /* Release */ = {
			isa = XCBuildConfiguration;
			buildSettings = {
				ALWAYS_EMBED_SWIFT_STANDARD_LIBRARIES = YES;
				BUNDLE_LOADER = "$(TEST_HOST)";
				CODE_SIGN_STYLE = Automatic;
				CURRENT_PROJECT_VERSION = 1;
				DEVELOPMENT_TEAM = TQW886U8NY;
				GENERATE_INFOPLIST_FILE = YES;
				MARKETING_VERSION = 1.0;
				PRODUCT_BUNDLE_IDENTIFIER = "pad.Hello-worldTests";
				PRODUCT_NAME = "$(TARGET_NAME)";
				SUPPORTED_PLATFORMS = "xros xrsimulator";
				SWIFT_EMIT_LOC_STRINGS = NO;
				SWIFT_VERSION = 5.0;
				TARGETED_DEVICE_FAMILY = "1,2,7";
				TEST_HOST = "$(BUILT_PRODUCTS_DIR)/Hello world.app/$(BUNDLE_EXECUTABLE_FOLDER_PATH)/Hello world";
				XROS_DEPLOYMENT_TARGET = 1.0;
			};
			name = Release;
		};
/* End XCBuildConfiguration section */

/* Begin XCConfigurationList section */
		03C503192A60909100837B3C /* Build configuration list for PBXProject "Hello world" */ = {
			isa = XCConfigurationList;
			buildConfigurations = (
				03C503382A60909300837B3C /* Debug */,
				03C503392A60909300837B3C /* Release */,
			);
			defaultConfigurationIsVisible = 0;
			defaultConfigurationName = Release;
		};
		03C5033A2A60909300837B3C /* Build configuration list for PBXNativeTarget "Hello world" */ = {
			isa = XCConfigurationList;
			buildConfigurations = (
				03C5033B2A60909300837B3C /* Debug */,
				03C5033C2A60909300837B3C /* Release */,
			);
			defaultConfigurationIsVisible = 0;
			defaultConfigurationName = Release;
		};
		03C5033D2A60909300837B3C /* Build configuration list for PBXNativeTarget "Hello worldTests" */ = {
			isa = XCConfigurationList;
			buildConfigurations = (
				03C5033E2A60909300837B3C /* Debug */,
				03C5033F2A60909300837B3C /* Release */,
			);
			defaultConfigurationIsVisible = 0;
			defaultConfigurationName = Release;
		};
/* End XCConfigurationList section */

/* Begin XCSwiftPackageProductDependency section */
		03C503232A60909100837B3C /* RealityKitContent */ = {
			isa = XCSwiftPackageProductDependency;
			productName = RealityKitContent;
		};
/* End XCSwiftPackageProductDependency section */
	};
	rootObject = 03C503162A60909100837B3C /* Project object */;
}
